
Microsoft Visual Studio Solution File, Format Version 12.00
# Visual Studio 15
VisualStudioVersion = 15.0.27130.2024
MinimumVisualStudioVersion = 10.0.40219.1
Project("{FAE04EC0-301F-11D3-BF4B-00C04F79EFBC}") = "Comentarios", "Comentarios\Comentarios.csproj", "{FCCB06AC-318C-4DF7-A90C-B24DFDFD3E7C}"
EndProject
Project("{2150E333-8FDC-42A3-9474-1A3956D46DE8}") = "Solution Items", "Solution Items", "{89C50CAF-EE28-4AE9-AF16-2C5264DC2C65}"
	ProjectSection(SolutionItems) = preProject
		.gitignore = .gitignore
	EndProjectSection
EndProject
Project("{FAE04EC0-301F-11D3-BF4B-00C04F79EFBC}") = "Nulos", "Nulos\Nulos.csproj", "{B872A551-D9B1-48BD-BD33-6C10DD4EA572}"
EndProject
Project("{FAE04EC0-301F-11D3-BF4B-00C04F79EFBC}") = "Indexadores", "Indexadores\Indexadores.csproj", "{CEFD5882-D050-4534-BCC5-73ED367889C3}"
EndProject
Global
	GlobalSection(SolutionConfigurationPlatforms) = preSolution
		Debug|Any CPU = Debug|Any CPU
		Release|Any CPU = Release|Any CPU
	EndGlobalSection
	GlobalSection(ProjectConfigurationPlatforms) = postSolution
		{FCCB06AC-318C-4DF7-A90C-B24DFDFD3E7C}.Debug|Any CPU.ActiveCfg = Debug|Any CPU
		{FCCB06AC-318C-4DF7-A90C-B24DFDFD3E7C}.Debug|Any CPU.Build.0 = Debug|Any CPU
		{FCCB06AC-318C-4DF7-A90C-B24DFDFD3E7C}.Release|Any CPU.ActiveCfg = Release|Any CPU
		{FCCB06AC-318C-4DF7-A90C-B24DFDFD3E7C}.Release|Any CPU.Build.0 = Release|Any CPU
		{B872A551-D9B1-48BD-BD33-6C10DD4EA572}.Debug|Any CPU.ActiveCfg = Debug|Any CPU
		{B872A551-D9B1-48BD-BD33-6C10DD4EA572}.Debug|Any CPU.Build.0 = Debug|Any CPU
		{B872A551-D9B1-48BD-BD33-6C10DD4EA572}.Release|Any CPU.ActiveCfg = Release|Any CPU
		{B872A551-D9B1-48BD-BD33-6C10DD4EA572}.Release|Any CPU.Build.0 = Release|Any CPU
		{CEFD5882-D050-4534-BCC5-73ED367889C3}.Debug|Any CPU.ActiveCfg = Debug|Any CPU
		{CEFD5882-D050-4534-BCC5-73ED367889C3}.Debug|Any CPU.Build.0 = Debug|Any CPU
		{CEFD5882-D050-4534-BCC5-73ED367889C3}.Release|Any CPU.ActiveCfg = Release|Any CPU
		{CEFD5882-D050-4534-BCC5-73ED367889C3}.Release|Any CPU.Build.0 = Release|Any CPU
	EndGlobalSection
	GlobalSection(SolutionProperties) = preSolution
		HideSolutionNode = FALSE
	EndGlobalSection
	GlobalSection(ExtensibilityGlobals) = postSolution
		SolutionGuid = {5A7F8BDA-B918-4A23-93B6-B17046CE6A2D}
	EndGlobalSection
EndGlobal
