
Microsoft Visual Studio Solution File, Format Version 12.00
# Visual Studio 15
VisualStudioVersion = 15.0.27130.2024
MinimumVisualStudioVersion = 10.0.40219.1
Project("{FAE04EC0-301F-11D3-BF4B-00C04F79EFBC}") = "Comentarios", "Comentarios\Comentarios.csproj", "{FCCB06AC-318C-4DF7-A90C-B24DFDFD3E7C}"
EndProject
Project("{2150E333-8FDC-42A3-9474-1A3956D46DE8}") = "Solution Items", "Solution Items", "{89C50CAF-EE28-4AE9-AF16-2C5264DC2C65}"
	ProjectSection(SolutionItems) = preProject
		.gitignore = .gitignore
	EndProjectSection
EndProject
Project("{FAE04EC0-301F-11D3-BF4B-00C04F79EFBC}") = "Nulos", "Nulos\Nulos.csproj", "{B872A551-D9B1-48BD-BD33-6C10DD4EA572}"
EndProject
Project("{FAE04EC0-301F-11D3-BF4B-00C04F79EFBC}") = "Indexadores", "Indexadores\Indexadores.csproj", "{CEFD5882-D050-4534-BCC5-73ED367889C3}"
EndProject
Project("{FAE04EC0-301F-11D3-BF4B-00C04F79EFBC}") = "Operadores", "Operadores\Operadores.csproj", "{4B8C27ED-5520-41C7-B167-78E246DCC173}"
EndProject
Project("{FAE04EC0-301F-11D3-BF4B-00C04F79EFBC}") = "Estructuras", "Estructuras\Estructuras.csproj", "{26A17555-E1BD-4659-A2EF-2042722FA4EC}"
EndProject
Project("{FAE04EC0-301F-11D3-BF4B-00C04F79EFBC}") = "Parametros", "Parametros\Parametros.csproj", "{D5AF7183-522D-43CF-AC94-2380176B43D2}"
EndProject
Project("{FAE04EC0-301F-11D3-BF4B-00C04F79EFBC}") = "ArgumentosOpcionales", "ArgumentosOpcionales\ArgumentosOpcionales.csproj", "{DDCF29B9-F2DC-485B-9752-191A82804EB7}"
EndProject
Project("{FAE04EC0-301F-11D3-BF4B-00C04F79EFBC}") = "Metodos De Extension", "Metodos De Extension\Metodos De Extension.csproj", "{6D0DD174-2446-49DE-89C9-1DE2E4B1C829}"
EndProject
Project("{FAE04EC0-301F-11D3-BF4B-00C04F79EFBC}") = "Encapsulamiento", "Encapsulamiento\Encapsulamiento.csproj", "{7E8631A4-F92E-4C4B-A65E-CCB059D831BF}"
EndProject
Project("{FAE04EC0-301F-11D3-BF4B-00C04F79EFBC}") = "Herencia", "Herencia\Herencia.csproj", "{92FBABF9-1133-43BE-804E-3EEC35E05D91}"
EndProject
Project("{FAE04EC0-301F-11D3-BF4B-00C04F79EFBC}") = "Polimorfismo", "Polimorfismo\Polimorfismo.csproj", "{287CA1CD-7426-40D3-A197-EA4335088FF8}"
EndProject
Project("{FAE04EC0-301F-11D3-BF4B-00C04F79EFBC}") = "Interfaz", "Interfaz\Interfaz.csproj", "{8846858D-8970-4819-AD26-FE25F3BD7014}"
EndProject
Project("{FAE04EC0-301F-11D3-BF4B-00C04F79EFBC}") = "Clase Object y Operador is", "Clase Object y Operador is\Clase Object y Operador is.csproj", "{89F1C1A7-35B3-4D91-9AD9-B59EA6DDBDFD}"
EndProject
Project("{FAE04EC0-301F-11D3-BF4B-00C04F79EFBC}") = "Inyeccion de Dependencia", "Inyeccion de Dependencia\Inyeccion de Dependencia.csproj", "{A7A131B0-EAFD-4EDD-8F3F-394F426410DD}"
EndProject
Project("{FAE04EC0-301F-11D3-BF4B-00C04F79EFBC}") = "Factoria de Clases", "Factoria de Clases\Factoria de Clases.csproj", "{923511B3-E62A-415C-B47F-C15FD3ADE0CD}"
EndProject
Project("{FAE04EC0-301F-11D3-BF4B-00C04F79EFBC}") = "Tipos Anonimos y Dynamic", "Tipos Anonimos y Dynamic\Tipos Anonimos y Dynamic.csproj", "{7B22D1CB-84D3-4FC4-BCDA-AA97502E5A54}"
EndProject
Project("{FAE04EC0-301F-11D3-BF4B-00C04F79EFBC}") = "Clase abstracta", "Clase abstracta\Clase abstracta.csproj", "{97A92F85-1E4C-4265-B391-ECB0A6898616}"
EndProject
Global
	GlobalSection(SolutionConfigurationPlatforms) = preSolution
		Debug|Any CPU = Debug|Any CPU
		Release|Any CPU = Release|Any CPU
	EndGlobalSection
	GlobalSection(ProjectConfigurationPlatforms) = postSolution
		{FCCB06AC-318C-4DF7-A90C-B24DFDFD3E7C}.Debug|Any CPU.ActiveCfg = Debug|Any CPU
		{FCCB06AC-318C-4DF7-A90C-B24DFDFD3E7C}.Debug|Any CPU.Build.0 = Debug|Any CPU
		{FCCB06AC-318C-4DF7-A90C-B24DFDFD3E7C}.Release|Any CPU.ActiveCfg = Release|Any CPU
		{FCCB06AC-318C-4DF7-A90C-B24DFDFD3E7C}.Release|Any CPU.Build.0 = Release|Any CPU
		{B872A551-D9B1-48BD-BD33-6C10DD4EA572}.Debug|Any CPU.ActiveCfg = Debug|Any CPU
		{B872A551-D9B1-48BD-BD33-6C10DD4EA572}.Debug|Any CPU.Build.0 = Debug|Any CPU
		{B872A551-D9B1-48BD-BD33-6C10DD4EA572}.Release|Any CPU.ActiveCfg = Release|Any CPU
		{B872A551-D9B1-48BD-BD33-6C10DD4EA572}.Release|Any CPU.Build.0 = Release|Any CPU
		{CEFD5882-D050-4534-BCC5-73ED367889C3}.Debug|Any CPU.ActiveCfg = Debug|Any CPU
		{CEFD5882-D050-4534-BCC5-73ED367889C3}.Debug|Any CPU.Build.0 = Debug|Any CPU
		{CEFD5882-D050-4534-BCC5-73ED367889C3}.Release|Any CPU.ActiveCfg = Release|Any CPU
		{CEFD5882-D050-4534-BCC5-73ED367889C3}.Release|Any CPU.Build.0 = Release|Any CPU
		{4B8C27ED-5520-41C7-B167-78E246DCC173}.Debug|Any CPU.ActiveCfg = Debug|Any CPU
		{4B8C27ED-5520-41C7-B167-78E246DCC173}.Debug|Any CPU.Build.0 = Debug|Any CPU
		{4B8C27ED-5520-41C7-B167-78E246DCC173}.Release|Any CPU.ActiveCfg = Release|Any CPU
		{4B8C27ED-5520-41C7-B167-78E246DCC173}.Release|Any CPU.Build.0 = Release|Any CPU
		{26A17555-E1BD-4659-A2EF-2042722FA4EC}.Debug|Any CPU.ActiveCfg = Debug|Any CPU
		{26A17555-E1BD-4659-A2EF-2042722FA4EC}.Debug|Any CPU.Build.0 = Debug|Any CPU
		{26A17555-E1BD-4659-A2EF-2042722FA4EC}.Release|Any CPU.ActiveCfg = Release|Any CPU
		{26A17555-E1BD-4659-A2EF-2042722FA4EC}.Release|Any CPU.Build.0 = Release|Any CPU
		{D5AF7183-522D-43CF-AC94-2380176B43D2}.Debug|Any CPU.ActiveCfg = Debug|Any CPU
		{D5AF7183-522D-43CF-AC94-2380176B43D2}.Debug|Any CPU.Build.0 = Debug|Any CPU
		{D5AF7183-522D-43CF-AC94-2380176B43D2}.Release|Any CPU.ActiveCfg = Release|Any CPU
		{D5AF7183-522D-43CF-AC94-2380176B43D2}.Release|Any CPU.Build.0 = Release|Any CPU
		{DDCF29B9-F2DC-485B-9752-191A82804EB7}.Debug|Any CPU.ActiveCfg = Debug|Any CPU
		{DDCF29B9-F2DC-485B-9752-191A82804EB7}.Debug|Any CPU.Build.0 = Debug|Any CPU
		{DDCF29B9-F2DC-485B-9752-191A82804EB7}.Release|Any CPU.ActiveCfg = Release|Any CPU
		{DDCF29B9-F2DC-485B-9752-191A82804EB7}.Release|Any CPU.Build.0 = Release|Any CPU
		{6D0DD174-2446-49DE-89C9-1DE2E4B1C829}.Debug|Any CPU.ActiveCfg = Debug|Any CPU
		{6D0DD174-2446-49DE-89C9-1DE2E4B1C829}.Debug|Any CPU.Build.0 = Debug|Any CPU
		{6D0DD174-2446-49DE-89C9-1DE2E4B1C829}.Release|Any CPU.ActiveCfg = Release|Any CPU
		{6D0DD174-2446-49DE-89C9-1DE2E4B1C829}.Release|Any CPU.Build.0 = Release|Any CPU
		{7E8631A4-F92E-4C4B-A65E-CCB059D831BF}.Debug|Any CPU.ActiveCfg = Debug|Any CPU
		{7E8631A4-F92E-4C4B-A65E-CCB059D831BF}.Debug|Any CPU.Build.0 = Debug|Any CPU
		{7E8631A4-F92E-4C4B-A65E-CCB059D831BF}.Release|Any CPU.ActiveCfg = Release|Any CPU
		{7E8631A4-F92E-4C4B-A65E-CCB059D831BF}.Release|Any CPU.Build.0 = Release|Any CPU
		{92FBABF9-1133-43BE-804E-3EEC35E05D91}.Debug|Any CPU.ActiveCfg = Debug|Any CPU
		{92FBABF9-1133-43BE-804E-3EEC35E05D91}.Debug|Any CPU.Build.0 = Debug|Any CPU
		{92FBABF9-1133-43BE-804E-3EEC35E05D91}.Release|Any CPU.ActiveCfg = Release|Any CPU
		{92FBABF9-1133-43BE-804E-3EEC35E05D91}.Release|Any CPU.Build.0 = Release|Any CPU
		{287CA1CD-7426-40D3-A197-EA4335088FF8}.Debug|Any CPU.ActiveCfg = Debug|Any CPU
		{287CA1CD-7426-40D3-A197-EA4335088FF8}.Debug|Any CPU.Build.0 = Debug|Any CPU
		{287CA1CD-7426-40D3-A197-EA4335088FF8}.Release|Any CPU.ActiveCfg = Release|Any CPU
		{287CA1CD-7426-40D3-A197-EA4335088FF8}.Release|Any CPU.Build.0 = Release|Any CPU
		{8846858D-8970-4819-AD26-FE25F3BD7014}.Debug|Any CPU.ActiveCfg = Debug|Any CPU
		{8846858D-8970-4819-AD26-FE25F3BD7014}.Debug|Any CPU.Build.0 = Debug|Any CPU
		{8846858D-8970-4819-AD26-FE25F3BD7014}.Release|Any CPU.ActiveCfg = Release|Any CPU
		{8846858D-8970-4819-AD26-FE25F3BD7014}.Release|Any CPU.Build.0 = Release|Any CPU
		{89F1C1A7-35B3-4D91-9AD9-B59EA6DDBDFD}.Debug|Any CPU.ActiveCfg = Debug|Any CPU
		{89F1C1A7-35B3-4D91-9AD9-B59EA6DDBDFD}.Debug|Any CPU.Build.0 = Debug|Any CPU
		{89F1C1A7-35B3-4D91-9AD9-B59EA6DDBDFD}.Release|Any CPU.ActiveCfg = Release|Any CPU
		{89F1C1A7-35B3-4D91-9AD9-B59EA6DDBDFD}.Release|Any CPU.Build.0 = Release|Any CPU
		{A7A131B0-EAFD-4EDD-8F3F-394F426410DD}.Debug|Any CPU.ActiveCfg = Debug|Any CPU
		{A7A131B0-EAFD-4EDD-8F3F-394F426410DD}.Debug|Any CPU.Build.0 = Debug|Any CPU
		{A7A131B0-EAFD-4EDD-8F3F-394F426410DD}.Release|Any CPU.ActiveCfg = Release|Any CPU
		{A7A131B0-EAFD-4EDD-8F3F-394F426410DD}.Release|Any CPU.Build.0 = Release|Any CPU
		{923511B3-E62A-415C-B47F-C15FD3ADE0CD}.Debug|Any CPU.ActiveCfg = Debug|Any CPU
		{923511B3-E62A-415C-B47F-C15FD3ADE0CD}.Debug|Any CPU.Build.0 = Debug|Any CPU
		{923511B3-E62A-415C-B47F-C15FD3ADE0CD}.Release|Any CPU.ActiveCfg = Release|Any CPU
		{923511B3-E62A-415C-B47F-C15FD3ADE0CD}.Release|Any CPU.Build.0 = Release|Any CPU
		{7B22D1CB-84D3-4FC4-BCDA-AA97502E5A54}.Debug|Any CPU.ActiveCfg = Debug|Any CPU
		{7B22D1CB-84D3-4FC4-BCDA-AA97502E5A54}.Debug|Any CPU.Build.0 = Debug|Any CPU
		{7B22D1CB-84D3-4FC4-BCDA-AA97502E5A54}.Release|Any CPU.ActiveCfg = Release|Any CPU
		{7B22D1CB-84D3-4FC4-BCDA-AA97502E5A54}.Release|Any CPU.Build.0 = Release|Any CPU
		{97A92F85-1E4C-4265-B391-ECB0A6898616}.Debug|Any CPU.ActiveCfg = Debug|Any CPU
		{97A92F85-1E4C-4265-B391-ECB0A6898616}.Debug|Any CPU.Build.0 = Debug|Any CPU
		{97A92F85-1E4C-4265-B391-ECB0A6898616}.Release|Any CPU.ActiveCfg = Release|Any CPU
		{97A92F85-1E4C-4265-B391-ECB0A6898616}.Release|Any CPU.Build.0 = Release|Any CPU
	EndGlobalSection
	GlobalSection(SolutionProperties) = preSolution
		HideSolutionNode = FALSE
	EndGlobalSection
	GlobalSection(ExtensibilityGlobals) = postSolution
		SolutionGuid = {5A7F8BDA-B918-4A23-93B6-B17046CE6A2D}
	EndGlobalSection
EndGlobal
