
Microsoft Visual Studio Solution File, Format Version 12.00
# Visual Studio 15
VisualStudioVersion = 15.0.27130.2027
MinimumVisualStudioVersion = 10.0.40219.1
Project("{FAE04EC0-301F-11D3-BF4B-00C04F79EFBC}") = "Comentarios", "Comentarios\Comentarios.csproj", "{FCCB06AC-318C-4DF7-A90C-B24DFDFD3E7C}"
EndProject
Project("{2150E333-8FDC-42A3-9474-1A3956D46DE8}") = "Solution Items", "Solution Items", "{89C50CAF-EE28-4AE9-AF16-2C5264DC2C65}"
	ProjectSection(SolutionItems) = preProject
		.gitignore = .gitignore
	EndProjectSection
EndProject
Project("{FAE04EC0-301F-11D3-BF4B-00C04F79EFBC}") = "Nulos", "Nulos\Nulos.csproj", "{B872A551-D9B1-48BD-BD33-6C10DD4EA572}"
EndProject
Project("{FAE04EC0-301F-11D3-BF4B-00C04F79EFBC}") = "Indexadores", "Indexadores\Indexadores.csproj", "{CEFD5882-D050-4534-BCC5-73ED367889C3}"
EndProject
Project("{FAE04EC0-301F-11D3-BF4B-00C04F79EFBC}") = "Operadores", "Operadores\Operadores.csproj", "{4B8C27ED-5520-41C7-B167-78E246DCC173}"
EndProject
Project("{FAE04EC0-301F-11D3-BF4B-00C04F79EFBC}") = "Estructuras", "Estructuras\Estructuras.csproj", "{26A17555-E1BD-4659-A2EF-2042722FA4EC}"
EndProject
Project("{FAE04EC0-301F-11D3-BF4B-00C04F79EFBC}") = "Parametros", "Parametros\Parametros.csproj", "{D5AF7183-522D-43CF-AC94-2380176B43D2}"
EndProject
Project("{FAE04EC0-301F-11D3-BF4B-00C04F79EFBC}") = "ArgumentosOpcionales", "ArgumentosOpcionales\ArgumentosOpcionales.csproj", "{DDCF29B9-F2DC-485B-9752-191A82804EB7}"
EndProject
Project("{FAE04EC0-301F-11D3-BF4B-00C04F79EFBC}") = "Metodos De Extension", "Metodos De Extension\Metodos De Extension.csproj", "{6D0DD174-2446-49DE-89C9-1DE2E4B1C829}"
EndProject
Project("{FAE04EC0-301F-11D3-BF4B-00C04F79EFBC}") = "Encapsulamiento", "Encapsulamiento\Encapsulamiento.csproj", "{7E8631A4-F92E-4C4B-A65E-CCB059D831BF}"
EndProject
Project("{FAE04EC0-301F-11D3-BF4B-00C04F79EFBC}") = "Herencia", "Herencia\Herencia.csproj", "{92FBABF9-1133-43BE-804E-3EEC35E05D91}"
EndProject
Project("{FAE04EC0-301F-11D3-BF4B-00C04F79EFBC}") = "Polimorfismo", "Polimorfismo\Polimorfismo.csproj", "{287CA1CD-7426-40D3-A197-EA4335088FF8}"
EndProject
Project("{FAE04EC0-301F-11D3-BF4B-00C04F79EFBC}") = "Interfaz", "Interfaz\Interfaz.csproj", "{8846858D-8970-4819-AD26-FE25F3BD7014}"
EndProject
Project("{FAE04EC0-301F-11D3-BF4B-00C04F79EFBC}") = "Clase Object y Operador is", "Clase Object y Operador is\Clase Object y Operador is.csproj", "{89F1C1A7-35B3-4D91-9AD9-B59EA6DDBDFD}"
EndProject
Project("{FAE04EC0-301F-11D3-BF4B-00C04F79EFBC}") = "Inyeccion de Dependencia", "Inyeccion de Dependencia\Inyeccion de Dependencia.csproj", "{A7A131B0-EAFD-4EDD-8F3F-394F426410DD}"
EndProject
Project("{FAE04EC0-301F-11D3-BF4B-00C04F79EFBC}") = "Factoria de Clases", "Factoria de Clases\Factoria de Clases.csproj", "{923511B3-E62A-415C-B47F-C15FD3ADE0CD}"
EndProject
Project("{FAE04EC0-301F-11D3-BF4B-00C04F79EFBC}") = "Tipos Anonimos y Dynamic", "Tipos Anonimos y Dynamic\Tipos Anonimos y Dynamic.csproj", "{7B22D1CB-84D3-4FC4-BCDA-AA97502E5A54}"
EndProject
Project("{FAE04EC0-301F-11D3-BF4B-00C04F79EFBC}") = "Clase abstracta", "Clase abstracta\Clase abstracta.csproj", "{97A92F85-1E4C-4265-B391-ECB0A6898616}"
EndProject
Project("{FAE04EC0-301F-11D3-BF4B-00C04F79EFBC}") = "Metodos Genericos", "Metodos Genericos\Metodos Genericos.csproj", "{5FAD680E-F61B-4F6E-A539-ABF10D963708}"
EndProject
Project("{FAE04EC0-301F-11D3-BF4B-00C04F79EFBC}") = "Readonly vs Const", "Readonly vs Const\Readonly vs Const.csproj", "{9753B6AF-0403-4667-94C3-640CF7D50E3D}"
EndProject
Project("{FAE04EC0-301F-11D3-BF4B-00C04F79EFBC}") = "Ref y Out", "Ref y Out\Ref y Out.csproj", "{4E01EC90-3413-4DFA-A4B3-B99D551B7745}"
EndProject
Project("{FAE04EC0-301F-11D3-BF4B-00C04F79EFBC}") = "Clase Sellada", "Clase Sellada\Clase Sellada.csproj", "{83F48BAB-4DD7-408B-BD16-2483DEFC656D}"
EndProject
Project("{FAE04EC0-301F-11D3-BF4B-00C04F79EFBC}") = "Clases Genericas", "Clases Genericas\Clases Genericas.csproj", "{7C434E76-AC06-442E-A74D-D820550A9FE0}"
EndProject
Project("{FAE04EC0-301F-11D3-BF4B-00C04F79EFBC}") = "Interfaces Genericas", "Interfaces Genericas\Interfaces Genericas.csproj", "{70A997A6-C0D3-46C9-A22E-06B657A41F91}"
EndProject
Project("{FAE04EC0-301F-11D3-BF4B-00C04F79EFBC}") = "Restricciones en Genericos", "Restricciones en Genericos\Restricciones en Genericos.csproj", "{77D1DE08-DD68-45C6-A8B3-356856AF1E62}"
EndProject
Project("{FAE04EC0-301F-11D3-BF4B-00C04F79EFBC}") = "Listas", "Listas\Listas.csproj", "{5D0064BF-EE3B-4169-9E86-625CBE9F4944}"
EndProject
Project("{FAE04EC0-301F-11D3-BF4B-00C04F79EFBC}") = "Diccionarios", "Diccionarios\Diccionarios.csproj", "{FF21B041-821B-4DEC-9F67-27E583DC9952}"
EndProject
Project("{FAE04EC0-301F-11D3-BF4B-00C04F79EFBC}") = "Colas", "Colas\Colas.csproj", "{32FCD68C-1A61-4165-8FEA-011145F5B7E7}"
EndProject
Project("{FAE04EC0-301F-11D3-BF4B-00C04F79EFBC}") = "Pilas", "Pilas\Pilas.csproj", "{6E7620BE-5136-4A27-A20B-4303D615D5E5}"
EndProject
Project("{FAE04EC0-301F-11D3-BF4B-00C04F79EFBC}") = "Conjuntos", "Conjuntos\Conjuntos.csproj", "{B92F2A02-33A3-402F-ABB9-23784CA5E3FC}"
EndProject
Project("{FAE04EC0-301F-11D3-BF4B-00C04F79EFBC}") = "Arreglos", "Arreglos\Arreglos.csproj", "{D11EA26A-7EB6-4DB2-BD70-502FBCFA9F36}"
EndProject
Project("{FAE04EC0-301F-11D3-BF4B-00C04F79EFBC}") = "Arreglos Bidimensionales", "Arreglos Bidimensionales\Arreglos Bidimensionales.csproj", "{6E463644-CB1C-4EE3-AD54-6A43C0503481}"
EndProject
Project("{FAE04EC0-301F-11D3-BF4B-00C04F79EFBC}") = "Arreglos de Arreglos", "Arreglos de Arreglos\Arreglos de Arreglos.csproj", "{C3EBAB0E-B697-4F8C-986E-8780973B220C}"
EndProject
Project("{FAE04EC0-301F-11D3-BF4B-00C04F79EFBC}") = "Delegados", "..\..\ConsoleApp1\ConsoleApp1\Delegados.csproj", "{D2CF2B47-804D-416A-953D-9D44CF630232}"
EndProject
Project("{FAE04EC0-301F-11D3-BF4B-00C04F79EFBC}") = "Entendiendo Delegados", "Entendiendo Delegados\Entendiendo Delegados.csproj", "{8EA1DC2C-3EDA-419C-91F2-A440496BCA6A}"
EndProject
Project("{FAE04EC0-301F-11D3-BF4B-00C04F79EFBC}") = "Func y Action", "Func y Action\Func y Action.csproj", "{ECAB0350-3847-441A-89F8-58B78C3E6E99}"
EndProject
Project("{FAE04EC0-301F-11D3-BF4B-00C04F79EFBC}") = "Predicado", "Predicado\Predicado.csproj", "{5B50AA4B-D98A-4609-86B6-8FF220B6987B}"
EndProject
Project("{FAE04EC0-301F-11D3-BF4B-00C04F79EFBC}") = "Expresiones Lambda", "Expresiones Lambda\Expresiones Lambda.csproj", "{F9EE22B5-181E-4241-A7BA-063AB97B14D3}"
EndProject
Project("{FAE04EC0-301F-11D3-BF4B-00C04F79EFBC}") = "Introduccion a LINQ", "Introduccion a LINQ\Introduccion a LINQ.csproj", "{1BDCC65A-6EA6-46C2-9C46-7E66DB5C40E5}"
EndProject
Project("{FAE04EC0-301F-11D3-BF4B-00C04F79EFBC}") = "Leyendo App Config", "Leyendo App Config\Leyendo App Config.csproj", "{74D7771D-6CC5-47CF-B6DC-68935BE1D1A8}"
EndProject
Project("{FAE04EC0-301F-11D3-BF4B-00C04F79EFBC}") = "Connection Strings ADO", "Connection Strings\Connection Strings ADO.csproj", "{CB4228F1-480E-4103-AB7B-F80F82D55605}"
EndProject
Project("{FAE04EC0-301F-11D3-BF4B-00C04F79EFBC}") = "Ejecutar Query Sql ADO", "Ejecutar Query Sql ADO\Ejecutar Query Sql ADO.csproj", "{7E447287-1CB6-4AEF-9848-BC531B28C5F9}"
EndProject
Project("{FAE04EC0-301F-11D3-BF4B-00C04F79EFBC}") = "Procedimiento Almacenado ADO", "Procedimiento Almacenado ADO\Procedimiento Almacenado ADO.csproj", "{17CCBF27-8D3A-4E09-A2C7-2E920D5B9D53}"
EndProject
Project("{FAE04EC0-301F-11D3-BF4B-00C04F79EFBC}") = "Procedimiento Almacenado Insert ADO", "Procedimiento Almacenado Insert ADO\Procedimiento Almacenado Insert ADO.csproj", "{2CD22696-6641-44B1-B4F3-4291C9792786}"
EndProject
Project("{FAE04EC0-301F-11D3-BF4B-00C04F79EFBC}") = "DataTables ADO", "DataTables ADO\DataTables ADO.csproj", "{E4E18922-5D8C-4B35-84C0-4FC43E141F19}"
EndProject
Project("{FAE04EC0-301F-11D3-BF4B-00C04F79EFBC}") = "Transacciones ADO", "Transacciones ADO\Transacciones ADO.csproj", "{A1D3C361-1983-4D56-B218-549F66C8A562}"
EndProject
Project("{FAE04EC0-301F-11D3-BF4B-00C04F79EFBC}") = "SQL Injection ADO", "SQL Injection\SQL Injection ADO.csproj", "{E5C7B9ED-085F-426E-9223-CCFF9AEEF2F3}"
EndProject
Project("{FAE04EC0-301F-11D3-BF4B-00C04F79EFBC}") = "LINQ en DataTable ADO", "LINQ en DataTable ADO\LINQ en DataTable ADO.csproj", "{74D648C0-063E-447D-B918-43EEAEAD9422}"
EndProject
Project("{FAE04EC0-301F-11D3-BF4B-00C04F79EFBC}") = "DataSets ADO", "DataSets ADO\DataSets ADO.csproj", "{6B806F9F-4A06-4752-8ACC-87CE202BECF4}"
EndProject
Project("{FAE04EC0-301F-11D3-BF4B-00C04F79EFBC}") = "TimeOut ADO", "TimeOut ADO\TimeOut ADO.csproj", "{CB929439-C22B-441C-8BA2-C15F211A587E}"
EndProject
Project("{FAE04EC0-301F-11D3-BF4B-00C04F79EFBC}") = "Funciones Locales C-SH7", "Funciones Locales C-SH7\Funciones Locales C-SH7.csproj", "{3172108E-E8F0-43E0-AA04-F59B7BEF0A16}"
EndProject
Project("{FAE04EC0-301F-11D3-BF4B-00C04F79EFBC}") = "Patron de igualacion is C-SH7", "Patron de igualacion is\Patron de igualacion is C-SH7.csproj", "{185F92C0-0C80-4360-9E37-9CA366AF5766}"
EndProject
Global
	GlobalSection(SolutionConfigurationPlatforms) = preSolution
		Debug|Any CPU = Debug|Any CPU
		Release|Any CPU = Release|Any CPU
	EndGlobalSection
	GlobalSection(ProjectConfigurationPlatforms) = postSolution
		{FCCB06AC-318C-4DF7-A90C-B24DFDFD3E7C}.Debug|Any CPU.ActiveCfg = Debug|Any CPU
		{FCCB06AC-318C-4DF7-A90C-B24DFDFD3E7C}.Debug|Any CPU.Build.0 = Debug|Any CPU
		{FCCB06AC-318C-4DF7-A90C-B24DFDFD3E7C}.Release|Any CPU.ActiveCfg = Release|Any CPU
		{FCCB06AC-318C-4DF7-A90C-B24DFDFD3E7C}.Release|Any CPU.Build.0 = Release|Any CPU
		{B872A551-D9B1-48BD-BD33-6C10DD4EA572}.Debug|Any CPU.ActiveCfg = Debug|Any CPU
		{B872A551-D9B1-48BD-BD33-6C10DD4EA572}.Debug|Any CPU.Build.0 = Debug|Any CPU
		{B872A551-D9B1-48BD-BD33-6C10DD4EA572}.Release|Any CPU.ActiveCfg = Release|Any CPU
		{B872A551-D9B1-48BD-BD33-6C10DD4EA572}.Release|Any CPU.Build.0 = Release|Any CPU
		{CEFD5882-D050-4534-BCC5-73ED367889C3}.Debug|Any CPU.ActiveCfg = Debug|Any CPU
		{CEFD5882-D050-4534-BCC5-73ED367889C3}.Debug|Any CPU.Build.0 = Debug|Any CPU
		{CEFD5882-D050-4534-BCC5-73ED367889C3}.Release|Any CPU.ActiveCfg = Release|Any CPU
		{CEFD5882-D050-4534-BCC5-73ED367889C3}.Release|Any CPU.Build.0 = Release|Any CPU
		{4B8C27ED-5520-41C7-B167-78E246DCC173}.Debug|Any CPU.ActiveCfg = Debug|Any CPU
		{4B8C27ED-5520-41C7-B167-78E246DCC173}.Debug|Any CPU.Build.0 = Debug|Any CPU
		{4B8C27ED-5520-41C7-B167-78E246DCC173}.Release|Any CPU.ActiveCfg = Release|Any CPU
		{4B8C27ED-5520-41C7-B167-78E246DCC173}.Release|Any CPU.Build.0 = Release|Any CPU
		{26A17555-E1BD-4659-A2EF-2042722FA4EC}.Debug|Any CPU.ActiveCfg = Debug|Any CPU
		{26A17555-E1BD-4659-A2EF-2042722FA4EC}.Debug|Any CPU.Build.0 = Debug|Any CPU
		{26A17555-E1BD-4659-A2EF-2042722FA4EC}.Release|Any CPU.ActiveCfg = Release|Any CPU
		{26A17555-E1BD-4659-A2EF-2042722FA4EC}.Release|Any CPU.Build.0 = Release|Any CPU
		{D5AF7183-522D-43CF-AC94-2380176B43D2}.Debug|Any CPU.ActiveCfg = Debug|Any CPU
		{D5AF7183-522D-43CF-AC94-2380176B43D2}.Debug|Any CPU.Build.0 = Debug|Any CPU
		{D5AF7183-522D-43CF-AC94-2380176B43D2}.Release|Any CPU.ActiveCfg = Release|Any CPU
		{D5AF7183-522D-43CF-AC94-2380176B43D2}.Release|Any CPU.Build.0 = Release|Any CPU
		{DDCF29B9-F2DC-485B-9752-191A82804EB7}.Debug|Any CPU.ActiveCfg = Debug|Any CPU
		{DDCF29B9-F2DC-485B-9752-191A82804EB7}.Debug|Any CPU.Build.0 = Debug|Any CPU
		{DDCF29B9-F2DC-485B-9752-191A82804EB7}.Release|Any CPU.ActiveCfg = Release|Any CPU
		{DDCF29B9-F2DC-485B-9752-191A82804EB7}.Release|Any CPU.Build.0 = Release|Any CPU
		{6D0DD174-2446-49DE-89C9-1DE2E4B1C829}.Debug|Any CPU.ActiveCfg = Debug|Any CPU
		{6D0DD174-2446-49DE-89C9-1DE2E4B1C829}.Debug|Any CPU.Build.0 = Debug|Any CPU
		{6D0DD174-2446-49DE-89C9-1DE2E4B1C829}.Release|Any CPU.ActiveCfg = Release|Any CPU
		{6D0DD174-2446-49DE-89C9-1DE2E4B1C829}.Release|Any CPU.Build.0 = Release|Any CPU
		{7E8631A4-F92E-4C4B-A65E-CCB059D831BF}.Debug|Any CPU.ActiveCfg = Debug|Any CPU
		{7E8631A4-F92E-4C4B-A65E-CCB059D831BF}.Debug|Any CPU.Build.0 = Debug|Any CPU
		{7E8631A4-F92E-4C4B-A65E-CCB059D831BF}.Release|Any CPU.ActiveCfg = Release|Any CPU
		{7E8631A4-F92E-4C4B-A65E-CCB059D831BF}.Release|Any CPU.Build.0 = Release|Any CPU
		{92FBABF9-1133-43BE-804E-3EEC35E05D91}.Debug|Any CPU.ActiveCfg = Debug|Any CPU
		{92FBABF9-1133-43BE-804E-3EEC35E05D91}.Debug|Any CPU.Build.0 = Debug|Any CPU
		{92FBABF9-1133-43BE-804E-3EEC35E05D91}.Release|Any CPU.ActiveCfg = Release|Any CPU
		{92FBABF9-1133-43BE-804E-3EEC35E05D91}.Release|Any CPU.Build.0 = Release|Any CPU
		{287CA1CD-7426-40D3-A197-EA4335088FF8}.Debug|Any CPU.ActiveCfg = Debug|Any CPU
		{287CA1CD-7426-40D3-A197-EA4335088FF8}.Debug|Any CPU.Build.0 = Debug|Any CPU
		{287CA1CD-7426-40D3-A197-EA4335088FF8}.Release|Any CPU.ActiveCfg = Release|Any CPU
		{287CA1CD-7426-40D3-A197-EA4335088FF8}.Release|Any CPU.Build.0 = Release|Any CPU
		{8846858D-8970-4819-AD26-FE25F3BD7014}.Debug|Any CPU.ActiveCfg = Debug|Any CPU
		{8846858D-8970-4819-AD26-FE25F3BD7014}.Debug|Any CPU.Build.0 = Debug|Any CPU
		{8846858D-8970-4819-AD26-FE25F3BD7014}.Release|Any CPU.ActiveCfg = Release|Any CPU
		{8846858D-8970-4819-AD26-FE25F3BD7014}.Release|Any CPU.Build.0 = Release|Any CPU
		{89F1C1A7-35B3-4D91-9AD9-B59EA6DDBDFD}.Debug|Any CPU.ActiveCfg = Debug|Any CPU
		{89F1C1A7-35B3-4D91-9AD9-B59EA6DDBDFD}.Debug|Any CPU.Build.0 = Debug|Any CPU
		{89F1C1A7-35B3-4D91-9AD9-B59EA6DDBDFD}.Release|Any CPU.ActiveCfg = Release|Any CPU
		{89F1C1A7-35B3-4D91-9AD9-B59EA6DDBDFD}.Release|Any CPU.Build.0 = Release|Any CPU
		{A7A131B0-EAFD-4EDD-8F3F-394F426410DD}.Debug|Any CPU.ActiveCfg = Debug|Any CPU
		{A7A131B0-EAFD-4EDD-8F3F-394F426410DD}.Debug|Any CPU.Build.0 = Debug|Any CPU
		{A7A131B0-EAFD-4EDD-8F3F-394F426410DD}.Release|Any CPU.ActiveCfg = Release|Any CPU
		{A7A131B0-EAFD-4EDD-8F3F-394F426410DD}.Release|Any CPU.Build.0 = Release|Any CPU
		{923511B3-E62A-415C-B47F-C15FD3ADE0CD}.Debug|Any CPU.ActiveCfg = Debug|Any CPU
		{923511B3-E62A-415C-B47F-C15FD3ADE0CD}.Debug|Any CPU.Build.0 = Debug|Any CPU
		{923511B3-E62A-415C-B47F-C15FD3ADE0CD}.Release|Any CPU.ActiveCfg = Release|Any CPU
		{923511B3-E62A-415C-B47F-C15FD3ADE0CD}.Release|Any CPU.Build.0 = Release|Any CPU
		{7B22D1CB-84D3-4FC4-BCDA-AA97502E5A54}.Debug|Any CPU.ActiveCfg = Debug|Any CPU
		{7B22D1CB-84D3-4FC4-BCDA-AA97502E5A54}.Debug|Any CPU.Build.0 = Debug|Any CPU
		{7B22D1CB-84D3-4FC4-BCDA-AA97502E5A54}.Release|Any CPU.ActiveCfg = Release|Any CPU
		{7B22D1CB-84D3-4FC4-BCDA-AA97502E5A54}.Release|Any CPU.Build.0 = Release|Any CPU
		{97A92F85-1E4C-4265-B391-ECB0A6898616}.Debug|Any CPU.ActiveCfg = Debug|Any CPU
		{97A92F85-1E4C-4265-B391-ECB0A6898616}.Debug|Any CPU.Build.0 = Debug|Any CPU
		{97A92F85-1E4C-4265-B391-ECB0A6898616}.Release|Any CPU.ActiveCfg = Release|Any CPU
		{97A92F85-1E4C-4265-B391-ECB0A6898616}.Release|Any CPU.Build.0 = Release|Any CPU
		{5FAD680E-F61B-4F6E-A539-ABF10D963708}.Debug|Any CPU.ActiveCfg = Debug|Any CPU
		{5FAD680E-F61B-4F6E-A539-ABF10D963708}.Debug|Any CPU.Build.0 = Debug|Any CPU
		{5FAD680E-F61B-4F6E-A539-ABF10D963708}.Release|Any CPU.ActiveCfg = Release|Any CPU
		{5FAD680E-F61B-4F6E-A539-ABF10D963708}.Release|Any CPU.Build.0 = Release|Any CPU
		{9753B6AF-0403-4667-94C3-640CF7D50E3D}.Debug|Any CPU.ActiveCfg = Debug|Any CPU
		{9753B6AF-0403-4667-94C3-640CF7D50E3D}.Debug|Any CPU.Build.0 = Debug|Any CPU
		{9753B6AF-0403-4667-94C3-640CF7D50E3D}.Release|Any CPU.ActiveCfg = Release|Any CPU
		{9753B6AF-0403-4667-94C3-640CF7D50E3D}.Release|Any CPU.Build.0 = Release|Any CPU
		{4E01EC90-3413-4DFA-A4B3-B99D551B7745}.Debug|Any CPU.ActiveCfg = Debug|Any CPU
		{4E01EC90-3413-4DFA-A4B3-B99D551B7745}.Debug|Any CPU.Build.0 = Debug|Any CPU
		{4E01EC90-3413-4DFA-A4B3-B99D551B7745}.Release|Any CPU.ActiveCfg = Release|Any CPU
		{4E01EC90-3413-4DFA-A4B3-B99D551B7745}.Release|Any CPU.Build.0 = Release|Any CPU
		{83F48BAB-4DD7-408B-BD16-2483DEFC656D}.Debug|Any CPU.ActiveCfg = Debug|Any CPU
		{83F48BAB-4DD7-408B-BD16-2483DEFC656D}.Debug|Any CPU.Build.0 = Debug|Any CPU
		{83F48BAB-4DD7-408B-BD16-2483DEFC656D}.Release|Any CPU.ActiveCfg = Release|Any CPU
		{83F48BAB-4DD7-408B-BD16-2483DEFC656D}.Release|Any CPU.Build.0 = Release|Any CPU
		{7C434E76-AC06-442E-A74D-D820550A9FE0}.Debug|Any CPU.ActiveCfg = Debug|Any CPU
		{7C434E76-AC06-442E-A74D-D820550A9FE0}.Debug|Any CPU.Build.0 = Debug|Any CPU
		{7C434E76-AC06-442E-A74D-D820550A9FE0}.Release|Any CPU.ActiveCfg = Release|Any CPU
		{7C434E76-AC06-442E-A74D-D820550A9FE0}.Release|Any CPU.Build.0 = Release|Any CPU
		{70A997A6-C0D3-46C9-A22E-06B657A41F91}.Debug|Any CPU.ActiveCfg = Debug|Any CPU
		{70A997A6-C0D3-46C9-A22E-06B657A41F91}.Debug|Any CPU.Build.0 = Debug|Any CPU
		{70A997A6-C0D3-46C9-A22E-06B657A41F91}.Release|Any CPU.ActiveCfg = Release|Any CPU
		{70A997A6-C0D3-46C9-A22E-06B657A41F91}.Release|Any CPU.Build.0 = Release|Any CPU
		{77D1DE08-DD68-45C6-A8B3-356856AF1E62}.Debug|Any CPU.ActiveCfg = Debug|Any CPU
		{77D1DE08-DD68-45C6-A8B3-356856AF1E62}.Debug|Any CPU.Build.0 = Debug|Any CPU
		{77D1DE08-DD68-45C6-A8B3-356856AF1E62}.Release|Any CPU.ActiveCfg = Release|Any CPU
		{77D1DE08-DD68-45C6-A8B3-356856AF1E62}.Release|Any CPU.Build.0 = Release|Any CPU
		{5D0064BF-EE3B-4169-9E86-625CBE9F4944}.Debug|Any CPU.ActiveCfg = Debug|Any CPU
		{5D0064BF-EE3B-4169-9E86-625CBE9F4944}.Debug|Any CPU.Build.0 = Debug|Any CPU
		{5D0064BF-EE3B-4169-9E86-625CBE9F4944}.Release|Any CPU.ActiveCfg = Release|Any CPU
		{5D0064BF-EE3B-4169-9E86-625CBE9F4944}.Release|Any CPU.Build.0 = Release|Any CPU
		{FF21B041-821B-4DEC-9F67-27E583DC9952}.Debug|Any CPU.ActiveCfg = Debug|Any CPU
		{FF21B041-821B-4DEC-9F67-27E583DC9952}.Debug|Any CPU.Build.0 = Debug|Any CPU
		{FF21B041-821B-4DEC-9F67-27E583DC9952}.Release|Any CPU.ActiveCfg = Release|Any CPU
		{FF21B041-821B-4DEC-9F67-27E583DC9952}.Release|Any CPU.Build.0 = Release|Any CPU
		{32FCD68C-1A61-4165-8FEA-011145F5B7E7}.Debug|Any CPU.ActiveCfg = Debug|Any CPU
		{32FCD68C-1A61-4165-8FEA-011145F5B7E7}.Debug|Any CPU.Build.0 = Debug|Any CPU
		{32FCD68C-1A61-4165-8FEA-011145F5B7E7}.Release|Any CPU.ActiveCfg = Release|Any CPU
		{32FCD68C-1A61-4165-8FEA-011145F5B7E7}.Release|Any CPU.Build.0 = Release|Any CPU
		{6E7620BE-5136-4A27-A20B-4303D615D5E5}.Debug|Any CPU.ActiveCfg = Debug|Any CPU
		{6E7620BE-5136-4A27-A20B-4303D615D5E5}.Debug|Any CPU.Build.0 = Debug|Any CPU
		{6E7620BE-5136-4A27-A20B-4303D615D5E5}.Release|Any CPU.ActiveCfg = Release|Any CPU
		{6E7620BE-5136-4A27-A20B-4303D615D5E5}.Release|Any CPU.Build.0 = Release|Any CPU
		{B92F2A02-33A3-402F-ABB9-23784CA5E3FC}.Debug|Any CPU.ActiveCfg = Debug|Any CPU
		{B92F2A02-33A3-402F-ABB9-23784CA5E3FC}.Debug|Any CPU.Build.0 = Debug|Any CPU
		{B92F2A02-33A3-402F-ABB9-23784CA5E3FC}.Release|Any CPU.ActiveCfg = Release|Any CPU
		{B92F2A02-33A3-402F-ABB9-23784CA5E3FC}.Release|Any CPU.Build.0 = Release|Any CPU
		{D11EA26A-7EB6-4DB2-BD70-502FBCFA9F36}.Debug|Any CPU.ActiveCfg = Debug|Any CPU
		{D11EA26A-7EB6-4DB2-BD70-502FBCFA9F36}.Debug|Any CPU.Build.0 = Debug|Any CPU
		{D11EA26A-7EB6-4DB2-BD70-502FBCFA9F36}.Release|Any CPU.ActiveCfg = Release|Any CPU
		{D11EA26A-7EB6-4DB2-BD70-502FBCFA9F36}.Release|Any CPU.Build.0 = Release|Any CPU
		{6E463644-CB1C-4EE3-AD54-6A43C0503481}.Debug|Any CPU.ActiveCfg = Debug|Any CPU
		{6E463644-CB1C-4EE3-AD54-6A43C0503481}.Debug|Any CPU.Build.0 = Debug|Any CPU
		{6E463644-CB1C-4EE3-AD54-6A43C0503481}.Release|Any CPU.ActiveCfg = Release|Any CPU
		{6E463644-CB1C-4EE3-AD54-6A43C0503481}.Release|Any CPU.Build.0 = Release|Any CPU
		{C3EBAB0E-B697-4F8C-986E-8780973B220C}.Debug|Any CPU.ActiveCfg = Debug|Any CPU
		{C3EBAB0E-B697-4F8C-986E-8780973B220C}.Debug|Any CPU.Build.0 = Debug|Any CPU
		{C3EBAB0E-B697-4F8C-986E-8780973B220C}.Release|Any CPU.ActiveCfg = Release|Any CPU
		{C3EBAB0E-B697-4F8C-986E-8780973B220C}.Release|Any CPU.Build.0 = Release|Any CPU
		{D2CF2B47-804D-416A-953D-9D44CF630232}.Debug|Any CPU.ActiveCfg = Debug|Any CPU
		{D2CF2B47-804D-416A-953D-9D44CF630232}.Debug|Any CPU.Build.0 = Debug|Any CPU
		{D2CF2B47-804D-416A-953D-9D44CF630232}.Release|Any CPU.ActiveCfg = Release|Any CPU
		{D2CF2B47-804D-416A-953D-9D44CF630232}.Release|Any CPU.Build.0 = Release|Any CPU
		{8EA1DC2C-3EDA-419C-91F2-A440496BCA6A}.Debug|Any CPU.ActiveCfg = Debug|Any CPU
		{8EA1DC2C-3EDA-419C-91F2-A440496BCA6A}.Debug|Any CPU.Build.0 = Debug|Any CPU
		{8EA1DC2C-3EDA-419C-91F2-A440496BCA6A}.Release|Any CPU.ActiveCfg = Release|Any CPU
		{8EA1DC2C-3EDA-419C-91F2-A440496BCA6A}.Release|Any CPU.Build.0 = Release|Any CPU
		{ECAB0350-3847-441A-89F8-58B78C3E6E99}.Debug|Any CPU.ActiveCfg = Debug|Any CPU
		{ECAB0350-3847-441A-89F8-58B78C3E6E99}.Debug|Any CPU.Build.0 = Debug|Any CPU
		{ECAB0350-3847-441A-89F8-58B78C3E6E99}.Release|Any CPU.ActiveCfg = Release|Any CPU
		{ECAB0350-3847-441A-89F8-58B78C3E6E99}.Release|Any CPU.Build.0 = Release|Any CPU
		{5B50AA4B-D98A-4609-86B6-8FF220B6987B}.Debug|Any CPU.ActiveCfg = Debug|Any CPU
		{5B50AA4B-D98A-4609-86B6-8FF220B6987B}.Debug|Any CPU.Build.0 = Debug|Any CPU
		{5B50AA4B-D98A-4609-86B6-8FF220B6987B}.Release|Any CPU.ActiveCfg = Release|Any CPU
		{5B50AA4B-D98A-4609-86B6-8FF220B6987B}.Release|Any CPU.Build.0 = Release|Any CPU
		{F9EE22B5-181E-4241-A7BA-063AB97B14D3}.Debug|Any CPU.ActiveCfg = Debug|Any CPU
		{F9EE22B5-181E-4241-A7BA-063AB97B14D3}.Debug|Any CPU.Build.0 = Debug|Any CPU
		{F9EE22B5-181E-4241-A7BA-063AB97B14D3}.Release|Any CPU.ActiveCfg = Release|Any CPU
		{F9EE22B5-181E-4241-A7BA-063AB97B14D3}.Release|Any CPU.Build.0 = Release|Any CPU
		{1BDCC65A-6EA6-46C2-9C46-7E66DB5C40E5}.Debug|Any CPU.ActiveCfg = Debug|Any CPU
		{1BDCC65A-6EA6-46C2-9C46-7E66DB5C40E5}.Debug|Any CPU.Build.0 = Debug|Any CPU
		{1BDCC65A-6EA6-46C2-9C46-7E66DB5C40E5}.Release|Any CPU.ActiveCfg = Release|Any CPU
		{1BDCC65A-6EA6-46C2-9C46-7E66DB5C40E5}.Release|Any CPU.Build.0 = Release|Any CPU
		{74D7771D-6CC5-47CF-B6DC-68935BE1D1A8}.Debug|Any CPU.ActiveCfg = Debug|Any CPU
		{74D7771D-6CC5-47CF-B6DC-68935BE1D1A8}.Debug|Any CPU.Build.0 = Debug|Any CPU
		{74D7771D-6CC5-47CF-B6DC-68935BE1D1A8}.Release|Any CPU.ActiveCfg = Release|Any CPU
		{74D7771D-6CC5-47CF-B6DC-68935BE1D1A8}.Release|Any CPU.Build.0 = Release|Any CPU
		{CB4228F1-480E-4103-AB7B-F80F82D55605}.Debug|Any CPU.ActiveCfg = Debug|Any CPU
		{CB4228F1-480E-4103-AB7B-F80F82D55605}.Debug|Any CPU.Build.0 = Debug|Any CPU
		{CB4228F1-480E-4103-AB7B-F80F82D55605}.Release|Any CPU.ActiveCfg = Release|Any CPU
		{CB4228F1-480E-4103-AB7B-F80F82D55605}.Release|Any CPU.Build.0 = Release|Any CPU
		{7E447287-1CB6-4AEF-9848-BC531B28C5F9}.Debug|Any CPU.ActiveCfg = Debug|Any CPU
		{7E447287-1CB6-4AEF-9848-BC531B28C5F9}.Debug|Any CPU.Build.0 = Debug|Any CPU
		{7E447287-1CB6-4AEF-9848-BC531B28C5F9}.Release|Any CPU.ActiveCfg = Release|Any CPU
		{7E447287-1CB6-4AEF-9848-BC531B28C5F9}.Release|Any CPU.Build.0 = Release|Any CPU
		{17CCBF27-8D3A-4E09-A2C7-2E920D5B9D53}.Debug|Any CPU.ActiveCfg = Debug|Any CPU
		{17CCBF27-8D3A-4E09-A2C7-2E920D5B9D53}.Debug|Any CPU.Build.0 = Debug|Any CPU
		{17CCBF27-8D3A-4E09-A2C7-2E920D5B9D53}.Release|Any CPU.ActiveCfg = Release|Any CPU
		{17CCBF27-8D3A-4E09-A2C7-2E920D5B9D53}.Release|Any CPU.Build.0 = Release|Any CPU
		{2CD22696-6641-44B1-B4F3-4291C9792786}.Debug|Any CPU.ActiveCfg = Debug|Any CPU
		{2CD22696-6641-44B1-B4F3-4291C9792786}.Debug|Any CPU.Build.0 = Debug|Any CPU
		{2CD22696-6641-44B1-B4F3-4291C9792786}.Release|Any CPU.ActiveCfg = Release|Any CPU
		{2CD22696-6641-44B1-B4F3-4291C9792786}.Release|Any CPU.Build.0 = Release|Any CPU
		{E4E18922-5D8C-4B35-84C0-4FC43E141F19}.Debug|Any CPU.ActiveCfg = Debug|Any CPU
		{E4E18922-5D8C-4B35-84C0-4FC43E141F19}.Debug|Any CPU.Build.0 = Debug|Any CPU
		{E4E18922-5D8C-4B35-84C0-4FC43E141F19}.Release|Any CPU.ActiveCfg = Release|Any CPU
		{E4E18922-5D8C-4B35-84C0-4FC43E141F19}.Release|Any CPU.Build.0 = Release|Any CPU
		{A1D3C361-1983-4D56-B218-549F66C8A562}.Debug|Any CPU.ActiveCfg = Debug|Any CPU
		{A1D3C361-1983-4D56-B218-549F66C8A562}.Debug|Any CPU.Build.0 = Debug|Any CPU
		{A1D3C361-1983-4D56-B218-549F66C8A562}.Release|Any CPU.ActiveCfg = Release|Any CPU
		{A1D3C361-1983-4D56-B218-549F66C8A562}.Release|Any CPU.Build.0 = Release|Any CPU
		{E5C7B9ED-085F-426E-9223-CCFF9AEEF2F3}.Debug|Any CPU.ActiveCfg = Debug|Any CPU
		{E5C7B9ED-085F-426E-9223-CCFF9AEEF2F3}.Debug|Any CPU.Build.0 = Debug|Any CPU
		{E5C7B9ED-085F-426E-9223-CCFF9AEEF2F3}.Release|Any CPU.ActiveCfg = Release|Any CPU
		{E5C7B9ED-085F-426E-9223-CCFF9AEEF2F3}.Release|Any CPU.Build.0 = Release|Any CPU
		{74D648C0-063E-447D-B918-43EEAEAD9422}.Debug|Any CPU.ActiveCfg = Debug|Any CPU
		{74D648C0-063E-447D-B918-43EEAEAD9422}.Debug|Any CPU.Build.0 = Debug|Any CPU
		{74D648C0-063E-447D-B918-43EEAEAD9422}.Release|Any CPU.ActiveCfg = Release|Any CPU
		{74D648C0-063E-447D-B918-43EEAEAD9422}.Release|Any CPU.Build.0 = Release|Any CPU
		{6B806F9F-4A06-4752-8ACC-87CE202BECF4}.Debug|Any CPU.ActiveCfg = Debug|Any CPU
		{6B806F9F-4A06-4752-8ACC-87CE202BECF4}.Debug|Any CPU.Build.0 = Debug|Any CPU
		{6B806F9F-4A06-4752-8ACC-87CE202BECF4}.Release|Any CPU.ActiveCfg = Release|Any CPU
		{6B806F9F-4A06-4752-8ACC-87CE202BECF4}.Release|Any CPU.Build.0 = Release|Any CPU
		{CB929439-C22B-441C-8BA2-C15F211A587E}.Debug|Any CPU.ActiveCfg = Debug|Any CPU
		{CB929439-C22B-441C-8BA2-C15F211A587E}.Debug|Any CPU.Build.0 = Debug|Any CPU
		{CB929439-C22B-441C-8BA2-C15F211A587E}.Release|Any CPU.ActiveCfg = Release|Any CPU
		{CB929439-C22B-441C-8BA2-C15F211A587E}.Release|Any CPU.Build.0 = Release|Any CPU
		{3172108E-E8F0-43E0-AA04-F59B7BEF0A16}.Debug|Any CPU.ActiveCfg = Debug|Any CPU
		{3172108E-E8F0-43E0-AA04-F59B7BEF0A16}.Debug|Any CPU.Build.0 = Debug|Any CPU
		{3172108E-E8F0-43E0-AA04-F59B7BEF0A16}.Release|Any CPU.ActiveCfg = Release|Any CPU
		{3172108E-E8F0-43E0-AA04-F59B7BEF0A16}.Release|Any CPU.Build.0 = Release|Any CPU
		{185F92C0-0C80-4360-9E37-9CA366AF5766}.Debug|Any CPU.ActiveCfg = Debug|Any CPU
		{185F92C0-0C80-4360-9E37-9CA366AF5766}.Debug|Any CPU.Build.0 = Debug|Any CPU
		{185F92C0-0C80-4360-9E37-9CA366AF5766}.Release|Any CPU.ActiveCfg = Release|Any CPU
		{185F92C0-0C80-4360-9E37-9CA366AF5766}.Release|Any CPU.Build.0 = Release|Any CPU
	EndGlobalSection
	GlobalSection(SolutionProperties) = preSolution
		HideSolutionNode = FALSE
	EndGlobalSection
	GlobalSection(ExtensibilityGlobals) = postSolution
		SolutionGuid = {5A7F8BDA-B918-4A23-93B6-B17046CE6A2D}
	EndGlobalSection
EndGlobal
